PODS:
  - Alamofire (5.7.1)
  - Flutter (1.0.0)
  - lightstreamer_flutter_client (1.0.0):
    - Flutter
    - LightstreamerClient (~> 5.0.0-beta.4)
  - LightstreamerClient (5.0.3):
    - Alamofire (~> 5.2)
    - RMJSONPatch (~> 1.0)
    - Starscream (~> 4.0)
  - RMJSONPatch (1.0.4)
  - Starscream (4.0.4)

DEPENDENCIES:
  - Flutter (from `Flutter`)
  - lightstreamer_flutter_client (from `.symlinks/plugins/lightstreamer_flutter_client/ios`)
  - LightstreamerClient (from `https://github.com/puzakd/Lightstreamer-lib-client-swift.git`, branch `main`)

SPEC REPOS:
  trunk:
    - Alamofire
    - RMJSONPatch
    - Starscream

EXTERNAL SOURCES:
  Flutter:
    :path: Flutter
  lightstreamer_flutter_client:
    :path: ".symlinks/plugins/lightstreamer_flutter_client/ios"
  LightstreamerClient:
    :branch: main
    :git: https://github.com/puzakd/Lightstreamer-lib-client-swift.git

CHECKOUT OPTIONS:
  LightstreamerClient:
    :commit: a3b9adc4f98f3b089ebcbe59e28e5d666e69aa1c
    :git: https://github.com/puzakd/Lightstreamer-lib-client-swift.git

SPEC CHECKSUMS:
  Alamofire: 0123a34370cb170936ae79a8df46cc62b2edeb88
  Flutter: f04841e97a9d0b0a8025694d0796dd46242b2854
  lightstreamer_flutter_client: 7517720aa4b2127b305bbc3517ed08ecb6d9a1c4
  LightstreamerClient: 9da3d2247ba967be0ab73e202bdb4d856b97ce1f
  RMJSONPatch: 60d351ad27d164352f8ea6b055c07c976f1bd2d1
  Starscream: 5178aed56b316f13fa3bc55694e583d35dd414d9

PODFILE CHECKSUM: 0f843716f3073afe500852c689ef65d0b805ab39

COCOAPODS: 1.12.1
